
Microsoft Visual Studio Solution File, Format Version 12.00
# Visual Studio Version 17
VisualStudioVersion = 17.10.35122.118
MinimumVisualStudioVersion = 10.0.40219.1
Project("{2150E333-8FDC-42A3-9474-1A3956D46DE8}") = "Core", "Core", "{1DE4F888-DD30-4AD3-A176-F69FDC9AF870}"
EndProject
Project("{2150E333-8FDC-42A3-9474-1A3956D46DE8}") = "Infrastructure", "Infrastructure", "{EDB7A3A9-CDF8-44E4-892E-F6CBFF4FCA2B}"
EndProject
Project("{2150E333-8FDC-42A3-9474-1A3956D46DE8}") = "Presentation", "Presentation", "{0BD697D3-B224-4998-A3D7-ECD7EBCEE4A4}"
EndProject
Project("{FAE04EC0-301F-11D3-BF4B-00C04F79EFBC}") = "YoutubeApi.Application", "Core\YoutubeApi.Application\YoutubeApi.Application.csproj", "{09CDB912-D40E-4002-9E8C-6ADC72908855}"
EndProject
Project("{FAE04EC0-301F-11D3-BF4B-00C04F79EFBC}") = "YoutubeApi.Domain", "Core\YoutubeApi.Domain\YoutubeApi.Domain.csproj", "{E1332649-AD5C-4B29-BE94-2512F6AA162B}"
EndProject
Project("{FAE04EC0-301F-11D3-BF4B-00C04F79EFBC}") = "YoutubeApi.Infrastructure", "Infrastructure\YoutubeApi.Infrastructure\YoutubeApi.Infrastructure.csproj", "{F4A760AC-1962-4A81-AEF3-F8607283587F}"
EndProject
Project("{FAE04EC0-301F-11D3-BF4B-00C04F79EFBC}") = "YoutubeApi.Presistence", "Infrastructure\YoutubeApi.Presistence\YoutubeApi.Presistence.csproj", "{2E6CBE4D-FC11-4872-9497-FFF57ECB97FC}"
EndProject
Project("{FAE04EC0-301F-11D3-BF4B-00C04F79EFBC}") = "YoutubeApi.Api", "Presantation\YoutubeApi.Api\YoutubeApi.Api.csproj", "{C7AAE21B-0011-4DA4-8E22-148627BCAE4B}"
EndProject
Global
	GlobalSection(SolutionConfigurationPlatforms) = preSolution
		Debug|Any CPU = Debug|Any CPU
		Release|Any CPU = Release|Any CPU
	EndGlobalSection
	GlobalSection(ProjectConfigurationPlatforms) = postSolution
		{09CDB912-D40E-4002-9E8C-6ADC72908855}.Debug|Any CPU.ActiveCfg = Debug|Any CPU
		{09CDB912-D40E-4002-9E8C-6ADC72908855}.Debug|Any CPU.Build.0 = Debug|Any CPU
		{09CDB912-D40E-4002-9E8C-6ADC72908855}.Release|Any CPU.ActiveCfg = Release|Any CPU
		{09CDB912-D40E-4002-9E8C-6ADC72908855}.Release|Any CPU.Build.0 = Release|Any CPU
		{E1332649-AD5C-4B29-BE94-2512F6AA162B}.Debug|Any CPU.ActiveCfg = Debug|Any CPU
		{E1332649-AD5C-4B29-BE94-2512F6AA162B}.Debug|Any CPU.Build.0 = Debug|Any CPU
		{E1332649-AD5C-4B29-BE94-2512F6AA162B}.Release|Any CPU.ActiveCfg = Release|Any CPU
		{E1332649-AD5C-4B29-BE94-2512F6AA162B}.Release|Any CPU.Build.0 = Release|Any CPU
		{F4A760AC-1962-4A81-AEF3-F8607283587F}.Debug|Any CPU.ActiveCfg = Debug|Any CPU
		{F4A760AC-1962-4A81-AEF3-F8607283587F}.Debug|Any CPU.Build.0 = Debug|Any CPU
		{F4A760AC-1962-4A81-AEF3-F8607283587F}.Release|Any CPU.ActiveCfg = Release|Any CPU
		{F4A760AC-1962-4A81-AEF3-F8607283587F}.Release|Any CPU.Build.0 = Release|Any CPU
		{2E6CBE4D-FC11-4872-9497-FFF57ECB97FC}.Debug|Any CPU.ActiveCfg = Debug|Any CPU
		{2E6CBE4D-FC11-4872-9497-FFF57ECB97FC}.Debug|Any CPU.Build.0 = Debug|Any CPU
		{2E6CBE4D-FC11-4872-9497-FFF57ECB97FC}.Release|Any CPU.ActiveCfg = Release|Any CPU
		{2E6CBE4D-FC11-4872-9497-FFF57ECB97FC}.Release|Any CPU.Build.0 = Release|Any CPU
		{C7AAE21B-0011-4DA4-8E22-148627BCAE4B}.Debug|Any CPU.ActiveCfg = Debug|Any CPU
		{C7AAE21B-0011-4DA4-8E22-148627BCAE4B}.Debug|Any CPU.Build.0 = Debug|Any CPU
		{C7AAE21B-0011-4DA4-8E22-148627BCAE4B}.Release|Any CPU.ActiveCfg = Release|Any CPU
		{C7AAE21B-0011-4DA4-8E22-148627BCAE4B}.Release|Any CPU.Build.0 = Release|Any CPU
	EndGlobalSection
	GlobalSection(SolutionProperties) = preSolution
		HideSolutionNode = FALSE
	EndGlobalSection
	GlobalSection(NestedProjects) = preSolution
		{09CDB912-D40E-4002-9E8C-6ADC72908855} = {1DE4F888-DD30-4AD3-A176-F69FDC9AF870}
		{E1332649-AD5C-4B29-BE94-2512F6AA162B} = {1DE4F888-DD30-4AD3-A176-F69FDC9AF870}
		{F4A760AC-1962-4A81-AEF3-F8607283587F} = {EDB7A3A9-CDF8-44E4-892E-F6CBFF4FCA2B}
		{2E6CBE4D-FC11-4872-9497-FFF57ECB97FC} = {EDB7A3A9-CDF8-44E4-892E-F6CBFF4FCA2B}
		{C7AAE21B-0011-4DA4-8E22-148627BCAE4B} = {0BD697D3-B224-4998-A3D7-ECD7EBCEE4A4}
	EndGlobalSection
	GlobalSection(ExtensibilityGlobals) = postSolution
		SolutionGuid = {FD476825-C7F6-42DA-A0F4-5B078FD02093}
	EndGlobalSection
EndGlobal
